{
  "nodes": {
    "garnix-lib": {
      "inputs": {
        "nixpkgs": "nixpkgs"
      },
      "locked": {
        "lastModified": 1729776976,
        "narHash": "sha256-AqzYKxSJepAwWyknnH4jQjhG0CPDYGWXKf7xUvRcMIM=",
        "owner": "garnix-io",
        "repo": "garnix-lib",
        "rev": "126610baaf9cd88f82b7cb8b2b5f168c0e9399a7",
        "type": "github"
      },
      "original": {
        "owner": "garnix-io",
        "repo": "garnix-lib",
        "type": "github"
      }
    },
    "nixpkgs": {
      "locked": {
        "lastModified": 1717196966,
        "narHash": "sha256-yZKhxVIKd2lsbOqYd5iDoUIwsRZFqE87smE2Vzf6Ck0=",
        "owner": "nixos",
        "repo": "nixpkgs",
        "rev": "57610d2f8f0937f39dbd72251e9614b1561942d8",
        "type": "github"
      },
      "original": {
        "owner": "nixos",
        "ref": "nixos-unstable",
        "repo": "nixpkgs",
        "type": "github"
      }
    },
    "nixpkgs-unstable": {
      "locked": {
        "lastModified": 1730658218,
        "narHash": "sha256-cfoGQd1SWiEfWrxJIK2OteZEJFBvfPw7RNSF0JbGTLg=",
        "owner": "NixOS",
        "repo": "nixpkgs",
        "rev": "6fa1961ee3b7ab218497dbfe248e8a14a1130989",
        "type": "github"
      },
      "original": {
        "owner": "NixOS",
        "ref": "master",
        "repo": "nixpkgs",
        "type": "github"
      }
    },
    "nixpkgs_2": {
      "locked": {

        "lastModified": 1730659288,
        "narHash": "sha256-7S1MOf6BUNtSDueQwiuiMZL4bM4QWDIdgUhgWe3nems=",
        "owner": "NixOS",
        "repo": "nixpkgs",
        "rev": "d2b699551a5206ca6e9a17790e2e022aa957a537",

        "type": "github"
      },
      "original": {
        "owner": "NixOS",
        "ref": "master",
        "repo": "nixpkgs",
        "type": "github"
      }
    },
    "root": {
      "inputs": {
        "garnix-lib": "garnix-lib",
        "nixpkgs": "nixpkgs_2",
        "nixpkgs-unstable": "nixpkgs-unstable"
      }
    }
  },
  "root": "root",
  "version": 7
}
